
Microsoft Visual Studio Solution File, Format Version 12.00
# Visual Studio Version 16
VisualStudioVersion = 16.0.30114.105
MinimumVisualStudioVersion = 10.0.40219.1
Project("{2150E333-8FDC-42A3-9474-1A3956D46DE8}") = "CodeChallenge", "CodeChallenge", "{54E062F8-8CF8-4977-8177-3C3D90130572}"
EndProject
Project("{FAE04EC0-301F-11D3-BF4B-00C04F79EFBC}") = "Exercism.org", "CodeChallenge\Exercism.Org\Exercism.org.csproj", "{1C997E4A-7EF7-41C3-80DE-8C47866C58A5}"
EndProject
Project("{FAE04EC0-301F-11D3-BF4B-00C04F79EFBC}") = "Exercism.Org.UnitTest", "CodeChallenge\Exercism.Org.UnitTest\Exercism.Org.UnitTest.csproj", "{4B1D389B-A053-48CF-949C-237359AD1261}"
EndProject
Project("{2150E333-8FDC-42A3-9474-1A3956D46DE8}") = "Technologies", "Technologies", "{89CD8D4E-0F35-49B1-AD2C-9B1B90C3758A}"
EndProject
Project("{2150E333-8FDC-42A3-9474-1A3956D46DE8}") = "RabbitMQ_Ex", "RabbitMQ_Ex", "{A5706C05-5A05-4F6A-B27B-AA40A8E67ED8}"
EndProject
Project("{FAE04EC0-301F-11D3-BF4B-00C04F79EFBC}") = "Consumer", "Technologies\RabbitMQ_Ex\Consumer\Consumer.csproj", "{33E13172-5854-4C16-8F2D-F401932FA0A5}"
EndProject
Project("{FAE04EC0-301F-11D3-BF4B-00C04F79EFBC}") = "Producer", "Technologies\RabbitMQ_Ex\Producer\Producer.csproj", "{4848F481-4979-4516-B0A2-9729169F804A}"
EndProject
Global
	GlobalSection(SolutionConfigurationPlatforms) = preSolution
		Debug|Any CPU = Debug|Any CPU
		Debug|x64 = Debug|x64
		Debug|x86 = Debug|x86
		Release|Any CPU = Release|Any CPU
		Release|x64 = Release|x64
		Release|x86 = Release|x86
	EndGlobalSection
	GlobalSection(SolutionProperties) = preSolution
		HideSolutionNode = FALSE
	EndGlobalSection
	GlobalSection(ProjectConfigurationPlatforms) = postSolution
		{178CD2D8-65A2-420B-A912-A01517D3AABD}.Debug|Any CPU.ActiveCfg = Debug|Any CPU
		{178CD2D8-65A2-420B-A912-A01517D3AABD}.Debug|Any CPU.Build.0 = Debug|Any CPU
		{178CD2D8-65A2-420B-A912-A01517D3AABD}.Debug|x64.ActiveCfg = Debug|Any CPU
		{178CD2D8-65A2-420B-A912-A01517D3AABD}.Debug|x64.Build.0 = Debug|Any CPU
		{178CD2D8-65A2-420B-A912-A01517D3AABD}.Debug|x86.ActiveCfg = Debug|Any CPU
		{178CD2D8-65A2-420B-A912-A01517D3AABD}.Debug|x86.Build.0 = Debug|Any CPU
		{178CD2D8-65A2-420B-A912-A01517D3AABD}.Release|Any CPU.ActiveCfg = Release|Any CPU
		{178CD2D8-65A2-420B-A912-A01517D3AABD}.Release|Any CPU.Build.0 = Release|Any CPU
		{178CD2D8-65A2-420B-A912-A01517D3AABD}.Release|x64.ActiveCfg = Release|Any CPU
		{178CD2D8-65A2-420B-A912-A01517D3AABD}.Release|x64.Build.0 = Release|Any CPU
		{178CD2D8-65A2-420B-A912-A01517D3AABD}.Release|x86.ActiveCfg = Release|Any CPU
		{178CD2D8-65A2-420B-A912-A01517D3AABD}.Release|x86.Build.0 = Release|Any CPU
		{DD1515EF-1D99-4BDF-BE76-297B7DB97661}.Debug|Any CPU.ActiveCfg = Debug|Any CPU
		{DD1515EF-1D99-4BDF-BE76-297B7DB97661}.Debug|Any CPU.Build.0 = Debug|Any CPU
		{DD1515EF-1D99-4BDF-BE76-297B7DB97661}.Debug|x64.ActiveCfg = Debug|Any CPU
		{DD1515EF-1D99-4BDF-BE76-297B7DB97661}.Debug|x64.Build.0 = Debug|Any CPU
		{DD1515EF-1D99-4BDF-BE76-297B7DB97661}.Debug|x86.ActiveCfg = Debug|Any CPU
		{DD1515EF-1D99-4BDF-BE76-297B7DB97661}.Debug|x86.Build.0 = Debug|Any CPU
		{DD1515EF-1D99-4BDF-BE76-297B7DB97661}.Release|Any CPU.ActiveCfg = Release|Any CPU
		{DD1515EF-1D99-4BDF-BE76-297B7DB97661}.Release|Any CPU.Build.0 = Release|Any CPU
		{DD1515EF-1D99-4BDF-BE76-297B7DB97661}.Release|x64.ActiveCfg = Release|Any CPU
		{DD1515EF-1D99-4BDF-BE76-297B7DB97661}.Release|x64.Build.0 = Release|Any CPU
		{DD1515EF-1D99-4BDF-BE76-297B7DB97661}.Release|x86.ActiveCfg = Release|Any CPU
		{DD1515EF-1D99-4BDF-BE76-297B7DB97661}.Release|x86.Build.0 = Release|Any CPU
		{1C997E4A-7EF7-41C3-80DE-8C47866C58A5}.Debug|Any CPU.ActiveCfg = Debug|Any CPU
		{1C997E4A-7EF7-41C3-80DE-8C47866C58A5}.Debug|Any CPU.Build.0 = Debug|Any CPU
		{1C997E4A-7EF7-41C3-80DE-8C47866C58A5}.Debug|x64.ActiveCfg = Debug|Any CPU
		{1C997E4A-7EF7-41C3-80DE-8C47866C58A5}.Debug|x64.Build.0 = Debug|Any CPU
		{1C997E4A-7EF7-41C3-80DE-8C47866C58A5}.Debug|x86.ActiveCfg = Debug|Any CPU
		{1C997E4A-7EF7-41C3-80DE-8C47866C58A5}.Debug|x86.Build.0 = Debug|Any CPU
		{1C997E4A-7EF7-41C3-80DE-8C47866C58A5}.Release|Any CPU.ActiveCfg = Release|Any CPU
		{1C997E4A-7EF7-41C3-80DE-8C47866C58A5}.Release|Any CPU.Build.0 = Release|Any CPU
		{1C997E4A-7EF7-41C3-80DE-8C47866C58A5}.Release|x64.ActiveCfg = Release|Any CPU
		{1C997E4A-7EF7-41C3-80DE-8C47866C58A5}.Release|x64.Build.0 = Release|Any CPU
		{1C997E4A-7EF7-41C3-80DE-8C47866C58A5}.Release|x86.ActiveCfg = Release|Any CPU
		{1C997E4A-7EF7-41C3-80DE-8C47866C58A5}.Release|x86.Build.0 = Release|Any CPU
		{4B1D389B-A053-48CF-949C-237359AD1261}.Debug|Any CPU.ActiveCfg = Debug|Any CPU
		{4B1D389B-A053-48CF-949C-237359AD1261}.Debug|Any CPU.Build.0 = Debug|Any CPU
		{4B1D389B-A053-48CF-949C-237359AD1261}.Debug|x64.ActiveCfg = Debug|Any CPU
		{4B1D389B-A053-48CF-949C-237359AD1261}.Debug|x64.Build.0 = Debug|Any CPU
		{4B1D389B-A053-48CF-949C-237359AD1261}.Debug|x86.ActiveCfg = Debug|Any CPU
		{4B1D389B-A053-48CF-949C-237359AD1261}.Debug|x86.Build.0 = Debug|Any CPU
		{4B1D389B-A053-48CF-949C-237359AD1261}.Release|Any CPU.ActiveCfg = Release|Any CPU
		{4B1D389B-A053-48CF-949C-237359AD1261}.Release|Any CPU.Build.0 = Release|Any CPU
		{4B1D389B-A053-48CF-949C-237359AD1261}.Release|x64.ActiveCfg = Release|Any CPU
		{4B1D389B-A053-48CF-949C-237359AD1261}.Release|x64.Build.0 = Release|Any CPU
		{4B1D389B-A053-48CF-949C-237359AD1261}.Release|x86.ActiveCfg = Release|Any CPU
		{4B1D389B-A053-48CF-949C-237359AD1261}.Release|x86.Build.0 = Release|Any CPU
		{33E13172-5854-4C16-8F2D-F401932FA0A5}.Debug|Any CPU.ActiveCfg = Debug|Any CPU
		{33E13172-5854-4C16-8F2D-F401932FA0A5}.Debug|Any CPU.Build.0 = Debug|Any CPU
		{33E13172-5854-4C16-8F2D-F401932FA0A5}.Debug|x64.ActiveCfg = Debug|Any CPU
		{33E13172-5854-4C16-8F2D-F401932FA0A5}.Debug|x64.Build.0 = Debug|Any CPU
		{33E13172-5854-4C16-8F2D-F401932FA0A5}.Debug|x86.ActiveCfg = Debug|Any CPU
		{33E13172-5854-4C16-8F2D-F401932FA0A5}.Debug|x86.Build.0 = Debug|Any CPU
		{33E13172-5854-4C16-8F2D-F401932FA0A5}.Release|Any CPU.ActiveCfg = Release|Any CPU
		{33E13172-5854-4C16-8F2D-F401932FA0A5}.Release|Any CPU.Build.0 = Release|Any CPU
		{33E13172-5854-4C16-8F2D-F401932FA0A5}.Release|x64.ActiveCfg = Release|Any CPU
		{33E13172-5854-4C16-8F2D-F401932FA0A5}.Release|x64.Build.0 = Release|Any CPU
		{33E13172-5854-4C16-8F2D-F401932FA0A5}.Release|x86.ActiveCfg = Release|Any CPU
		{33E13172-5854-4C16-8F2D-F401932FA0A5}.Release|x86.Build.0 = Release|Any CPU
		{4848F481-4979-4516-B0A2-9729169F804A}.Debug|Any CPU.ActiveCfg = Debug|Any CPU
		{4848F481-4979-4516-B0A2-9729169F804A}.Debug|Any CPU.Build.0 = Debug|Any CPU
		{4848F481-4979-4516-B0A2-9729169F804A}.Debug|x64.ActiveCfg = Debug|Any CPU
		{4848F481-4979-4516-B0A2-9729169F804A}.Debug|x64.Build.0 = Debug|Any CPU
		{4848F481-4979-4516-B0A2-9729169F804A}.Debug|x86.ActiveCfg = Debug|Any CPU
		{4848F481-4979-4516-B0A2-9729169F804A}.Debug|x86.Build.0 = Debug|Any CPU
		{4848F481-4979-4516-B0A2-9729169F804A}.Release|Any CPU.ActiveCfg = Release|Any CPU
		{4848F481-4979-4516-B0A2-9729169F804A}.Release|Any CPU.Build.0 = Release|Any CPU
		{4848F481-4979-4516-B0A2-9729169F804A}.Release|x64.ActiveCfg = Release|Any CPU
		{4848F481-4979-4516-B0A2-9729169F804A}.Release|x64.Build.0 = Release|Any CPU
		{4848F481-4979-4516-B0A2-9729169F804A}.Release|x86.ActiveCfg = Release|Any CPU
		{4848F481-4979-4516-B0A2-9729169F804A}.Release|x86.Build.0 = Release|Any CPU
	EndGlobalSection
	GlobalSection(NestedProjects) = preSolution
		{1C997E4A-7EF7-41C3-80DE-8C47866C58A5} = {54E062F8-8CF8-4977-8177-3C3D90130572}
		{4B1D389B-A053-48CF-949C-237359AD1261} = {54E062F8-8CF8-4977-8177-3C3D90130572}
		{A5706C05-5A05-4F6A-B27B-AA40A8E67ED8} = {89CD8D4E-0F35-49B1-AD2C-9B1B90C3758A}
		{33E13172-5854-4C16-8F2D-F401932FA0A5} = {A5706C05-5A05-4F6A-B27B-AA40A8E67ED8}
		{4848F481-4979-4516-B0A2-9729169F804A} = {A5706C05-5A05-4F6A-B27B-AA40A8E67ED8}
	EndGlobalSection
EndGlobal
